{
  "nodes": {
    "nixpkgs": {
      "locked": {
        "lastModified": 1771243334,
        "narHash": "sha256-qhTSqPOdzqGzEF9Hd8Tq/D5bY1y54W+0FTwCDmqZFwU=",
        "owner": "NixOS",
        "repo": "nixpkgs",
        "rev": "15ad317d9c5e6c6b9f2e3450bda8e66c41c67d88",
        "type": "github"
      },
      "original": {
        "owner": "NixOS",
        "ref": "master",
        "repo": "nixpkgs",
        "type": "github"
      }
    },
    "root": {
      "inputs": {
        "nixpkgs": "nixpkgs"
      }
    }
  },
  "root": "root",
  "version": 7
}
